
Microsoft Visual Studio Solution File, Format Version 12.00
# Visual Studio Version 17
VisualStudioVersion = 17.13.35818.85 d17.13
MinimumVisualStudioVersion = 10.0.40219.1
Project("{FAE04EC0-301F-11D3-BF4B-00C04F79EFBC}") = "ProductMicroserviceProject", "ProductMicroserviceProject\ProductMicroserviceProject.csproj", "{4EFFC2D8-7F9F-4E95-B220-51B6E6C00590}"
EndProject
Global
	GlobalSection(SolutionConfigurationPlatforms) = preSolution
		Debug|Any CPU = Debug|Any CPU
		Release|Any CPU = Release|Any CPU
	EndGlobalSection
	GlobalSection(ProjectConfigurationPlatforms) = postSolution
		{4EFFC2D8-7F9F-4E95-B220-51B6E6C00590}.Debug|Any CPU.ActiveCfg = Debug|Any CPU
		{4EFFC2D8-7F9F-4E95-B220-51B6E6C00590}.Debug|Any CPU.Build.0 = Debug|Any CPU
		{4EFFC2D8-7F9F-4E95-B220-51B6E6C00590}.Release|Any CPU.ActiveCfg = Release|Any CPU
		{4EFFC2D8-7F9F-4E95-B220-51B6E6C00590}.Release|Any CPU.Build.0 = Release|Any CPU
	EndGlobalSection
	GlobalSection(SolutionProperties) = preSolution
		HideSolutionNode = FALSE
	EndGlobalSection
	GlobalSection(ExtensibilityGlobals) = postSolution
		SolutionGuid = {8576D053-777E-47F1-A3BA-310048272E6B}
	EndGlobalSection
EndGlobal
